
Microsoft Visual Studio Solution File, Format Version 12.00
Project("{FAE04EC0-301F-11D3-BF4B-00C04F79EFBC}") = "PlugwiseControl", "PlugwiseControl\PlugwiseControl.csproj", "{D321AEFD-D7DB-4EE5-9229-244BE11E3372}"
EndProject
Project("{FAE04EC0-301F-11D3-BF4B-00C04F79EFBC}") = "Plugwise", "Plugwise\Plugwise.csproj", "{A7998997-3883-4944-8D7A-641BCE53CA58}"
EndProject
Project("{FAE04EC0-301F-11D3-BF4B-00C04F79EFBC}") = "Plugwise.Actions", "Plugwise.Actions\Plugwise.Actions.csproj", "{E3F69F70-8600-4563-84F0-6B19B03DF005}"
EndProject
Project("{FAE04EC0-301F-11D3-BF4B-00C04F79EFBC}") = "Plugwise.Api", "Plugwise.Api\Plugwise.Api.csproj", "{AD72992D-BFAA-41E6-A1D4-CE1EBED3153E}"
EndProject
Project("{FAE04EC0-301F-11D3-BF4B-00C04F79EFBC}") = "Plugwise.Config", "Plugwise.Config\Plugwise.Config.csproj", "{A25D33B8-701C-4117-88B4-7817DB4F1A22}"
EndProject
Project("{FAE04EC0-301F-11D3-BF4B-00C04F79EFBC}") = "Plugwise.Error", "Plugwise.Error\Plugwise.Error.csproj", "{10D52D73-977B-4401-B904-06999BE99F5A}"
EndProject
Global
	GlobalSection(SolutionConfigurationPlatforms) = preSolution
		Debug|Any CPU = Debug|Any CPU
		Release|Any CPU = Release|Any CPU
	EndGlobalSection
	GlobalSection(ProjectConfigurationPlatforms) = postSolution
		{D321AEFD-D7DB-4EE5-9229-244BE11E3372}.Debug|Any CPU.ActiveCfg = Debug|Any CPU
		{D321AEFD-D7DB-4EE5-9229-244BE11E3372}.Debug|Any CPU.Build.0 = Debug|Any CPU
		{D321AEFD-D7DB-4EE5-9229-244BE11E3372}.Release|Any CPU.ActiveCfg = Release|Any CPU
		{D321AEFD-D7DB-4EE5-9229-244BE11E3372}.Release|Any CPU.Build.0 = Release|Any CPU
		{A7998997-3883-4944-8D7A-641BCE53CA58}.Debug|Any CPU.ActiveCfg = Debug|Any CPU
		{A7998997-3883-4944-8D7A-641BCE53CA58}.Debug|Any CPU.Build.0 = Debug|Any CPU
		{A7998997-3883-4944-8D7A-641BCE53CA58}.Release|Any CPU.ActiveCfg = Release|Any CPU
		{A7998997-3883-4944-8D7A-641BCE53CA58}.Release|Any CPU.Build.0 = Release|Any CPU
		{E3F69F70-8600-4563-84F0-6B19B03DF005}.Debug|Any CPU.ActiveCfg = Debug|Any CPU
		{E3F69F70-8600-4563-84F0-6B19B03DF005}.Debug|Any CPU.Build.0 = Debug|Any CPU
		{E3F69F70-8600-4563-84F0-6B19B03DF005}.Release|Any CPU.ActiveCfg = Release|Any CPU
		{E3F69F70-8600-4563-84F0-6B19B03DF005}.Release|Any CPU.Build.0 = Release|Any CPU
		{AD72992D-BFAA-41E6-A1D4-CE1EBED3153E}.Debug|Any CPU.ActiveCfg = Debug|Any CPU
		{AD72992D-BFAA-41E6-A1D4-CE1EBED3153E}.Debug|Any CPU.Build.0 = Debug|Any CPU
		{AD72992D-BFAA-41E6-A1D4-CE1EBED3153E}.Release|Any CPU.ActiveCfg = Release|Any CPU
		{AD72992D-BFAA-41E6-A1D4-CE1EBED3153E}.Release|Any CPU.Build.0 = Release|Any CPU
		{A25D33B8-701C-4117-88B4-7817DB4F1A22}.Debug|Any CPU.ActiveCfg = Debug|Any CPU
		{A25D33B8-701C-4117-88B4-7817DB4F1A22}.Debug|Any CPU.Build.0 = Debug|Any CPU
		{A25D33B8-701C-4117-88B4-7817DB4F1A22}.Release|Any CPU.ActiveCfg = Release|Any CPU
		{A25D33B8-701C-4117-88B4-7817DB4F1A22}.Release|Any CPU.Build.0 = Release|Any CPU
		{10D52D73-977B-4401-B904-06999BE99F5A}.Debug|Any CPU.ActiveCfg = Debug|Any CPU
		{10D52D73-977B-4401-B904-06999BE99F5A}.Debug|Any CPU.Build.0 = Debug|Any CPU
		{10D52D73-977B-4401-B904-06999BE99F5A}.Release|Any CPU.ActiveCfg = Release|Any CPU
		{10D52D73-977B-4401-B904-06999BE99F5A}.Release|Any CPU.Build.0 = Release|Any CPU
	EndGlobalSection
EndGlobal
